--- 
dependencies: 
  test-unit: 
    group: 
    - :test
    version: = 1.2.3
  pg: 
    group: 
    - :default
    version: = 0.9.0
  rails: 
    group: 
    - :default
    version: = 2.3.8
  sqlite3-ruby: 
    group: 
    - :test
    version: ~> 1.2.5
  rspec: 
    group: 
    - :cucumber
    version: ~> 1.3.0
  resource_controller: 
    group: 
    - :default
    version: ~> 0.6.6
  database_cleaner: 
    group: 
    - :cucumber
    version: ~> 0.5.0
  thin: 
    group: 
    - :default
    version: = 1.2.7
  rack: 
    group: 
    - :default
    version: = 1.1.0
  rspec-rails: 
    group: 
    - :cucumber
    version: ~> 1.3.2
  devise: 
    group: 
    - :default
    version: = 1.0.4
  cucumber-rails: 
    group: 
    - :cucumber
    version: ~> 0.3.0
  webrat: 
    group: 
    - :cucumber
    version: ~> 0.7.0
  cucumber: 
    group: 
    - :cucumber
    version: ~> 0.6.4
  email_spec: 
    group: 
    - :cucumber
    version: ~> 0.6.2
  launchy: 
    group: 
    - :cucumber
    version: ~> 0.3.5
specs: 
- rake: 
    version: 0.8.7
- activesupport: 
    version: 2.3.8
- rack: 
    version: 1.1.0
- actionpack: 
    version: 2.3.8
- actionmailer: 
    version: 2.3.8
- activerecord: 
    version: 2.3.8
- activeresource: 
    version: 2.3.8
- builder: 
    version: 2.1.2
- configuration: 
    version: 1.1.0
- diff-lcs: 
    version: 1.1.2
- json_pure: 
    version: 1.4.6
- polyglot: 
    version: 0.3.1
- term-ansicolor: 
    version: 1.0.5
- treetop: 
    version: 1.4.8
- cucumber: 
    version: 0.6.4
- cucumber-rails: 
    version: 0.3.0
- daemons: 
    version: 1.1.0
- database_cleaner: 
    version: 0.5.2
- warden: 
    version: 0.9.7
- devise: 
    version: 1.0.4
- email_spec: 
    version: 0.6.3
- eventmachine: 
    version: 0.12.10
- rubyforge: 
    version: 2.0.4
- hoe: 
    version: 2.6.2
- launchy: 
    version: 0.3.7
- nokogiri: 
    version: 1.4.3.1
- pg: 
    version: 0.9.0
- rack-test: 
    version: 0.5.4
- rails: 
    version: 2.3.8
- resource_controller: 
    version: 0.6.6
- rspec: 
    version: 1.3.0
- rspec-rails: 
    version: 1.3.2
- sqlite3-ruby: 
    version: 1.2.5
- test-unit: 
    version: 1.2.3
- thin: 
    version: 1.2.7
- webrat: 
    version: 0.7.1
hash: 2124f68d199274fa2ed32f9695eb9d813caed537
sources: 
- Rubygems: 
    uri: http://gemcutter.org
